{
  "name": "wwwroot",
  "lockfileVersion": 2,
  "requires": true,
  "packages": {
    "": {
      "dependencies": {
        "musicxml-interfaces": "^0.0.10"
      }
    },
    "node_modules/musicxml-interfaces": {
      "version": "0.0.10",
      "resolved": "https://registry.npmjs.org/musicxml-interfaces/-/musicxml-interfaces-0.0.10.tgz",
      "integrity": "sha512-tOze2LY07tDeVS2eoBEU2A5uX6SCss1bq/IW+vwBt+ZE7ySO58sC7CjY2hzIIDDbEs0sAwK7xgIvdfetRVaM2A==",
      "dependencies": {
        "xmldom": "0.1.19"
      }
    },
    "node_modules/xmldom": {
      "version": "0.1.19",
      "resolved": "https://registry.npmjs.org/xmldom/-/xmldom-0.1.19.tgz",
      "integrity": "sha512-pDyxjQSFQgNHkU+yjvoF+GXVGJU7e9EnOg/KcGMDihBIKjTsOeDYaECwC/O9bsUWKY+Sd9izfE43JXC46EOHKA==",
      "deprecated": "Deprecated due to CVE-2021-21366 resolved in 0.5.0",
      "engines": {
        "node": ">=0.1"
      }
    }
  },
  "dependencies": {
    "musicxml-interfaces": {
      "version": "0.0.10",
      "resolved": "https://registry.npmjs.org/musicxml-interfaces/-/musicxml-interfaces-0.0.10.tgz",
      "integrity": "sha512-tOze2LY07tDeVS2eoBEU2A5uX6SCss1bq/IW+vwBt+ZE7ySO58sC7CjY2hzIIDDbEs0sAwK7xgIvdfetRVaM2A==",
      "requires": {
        "xmldom": "0.1.19"
      }
    },
    "xmldom": {
      "version": "0.1.19",
      "resolved": "https://registry.npmjs.org/xmldom/-/xmldom-0.1.19.tgz",
      "integrity": "sha512-pDyxjQSFQgNHkU+yjvoF+GXVGJU7e9EnOg/KcGMDihBIKjTsOeDYaECwC/O9bsUWKY+Sd9izfE43JXC46EOHKA=="
    }
  }
}
